
Microsoft Visual Studio Solution File, Format Version 12.00
# Visual Studio Version 16
VisualStudioVersion = 16.0.29230.47
MinimumVisualStudioVersion = 10.0.40219.1
Project("{FAE04EC0-301F-11D3-BF4B-00C04F79EFBC}") = "MvcApplication", "src\MvcApplication\MvcApplication.csproj", "{A95EA52E-F8DB-4488-83F2-FFA152618711}"
EndProject
Project("{FAE04EC0-301F-11D3-BF4B-00C04F79EFBC}") = "Api", "src\Api\Api.csproj", "{168C6B79-A58B-43AC-9A2E-5DC9E66F53D3}"
EndProject
Project("{2150E333-8FDC-42A3-9474-1A3956D46DE8}") = "src", "src", "{89EC1C70-0651-49B0-8739-619A4168CE0C}"
EndProject
Project("{2150E333-8FDC-42A3-9474-1A3956D46DE8}") = "tests", "tests", "{3B50CBD4-173F-4AC4-9AEB-C01E5C7BD460}"
EndProject
Project("{FAE04EC0-301F-11D3-BF4B-00C04F79EFBC}") = "ApiTest", "tests\ApiTest\ApiTest.csproj", "{22DB6F0A-018B-435C-B45F-891CC65EE431}"
EndProject
Global
	GlobalSection(SolutionConfigurationPlatforms) = preSolution
		Debug|Any CPU = Debug|Any CPU
		Release|Any CPU = Release|Any CPU
	EndGlobalSection
	GlobalSection(ProjectConfigurationPlatforms) = postSolution
		{A95EA52E-F8DB-4488-83F2-FFA152618711}.Debug|Any CPU.ActiveCfg = Debug|Any CPU
		{A95EA52E-F8DB-4488-83F2-FFA152618711}.Debug|Any CPU.Build.0 = Debug|Any CPU
		{A95EA52E-F8DB-4488-83F2-FFA152618711}.Release|Any CPU.ActiveCfg = Release|Any CPU
		{A95EA52E-F8DB-4488-83F2-FFA152618711}.Release|Any CPU.Build.0 = Release|Any CPU
		{168C6B79-A58B-43AC-9A2E-5DC9E66F53D3}.Debug|Any CPU.ActiveCfg = Debug|Any CPU
		{168C6B79-A58B-43AC-9A2E-5DC9E66F53D3}.Debug|Any CPU.Build.0 = Debug|Any CPU
		{168C6B79-A58B-43AC-9A2E-5DC9E66F53D3}.Release|Any CPU.ActiveCfg = Release|Any CPU
		{168C6B79-A58B-43AC-9A2E-5DC9E66F53D3}.Release|Any CPU.Build.0 = Release|Any CPU
		{22DB6F0A-018B-435C-B45F-891CC65EE431}.Debug|Any CPU.ActiveCfg = Debug|Any CPU
		{22DB6F0A-018B-435C-B45F-891CC65EE431}.Debug|Any CPU.Build.0 = Debug|Any CPU
		{22DB6F0A-018B-435C-B45F-891CC65EE431}.Release|Any CPU.ActiveCfg = Release|Any CPU
		{22DB6F0A-018B-435C-B45F-891CC65EE431}.Release|Any CPU.Build.0 = Release|Any CPU
	EndGlobalSection
	GlobalSection(SolutionProperties) = preSolution
		HideSolutionNode = FALSE
	EndGlobalSection
	GlobalSection(NestedProjects) = preSolution
		{A95EA52E-F8DB-4488-83F2-FFA152618711} = {89EC1C70-0651-49B0-8739-619A4168CE0C}
		{168C6B79-A58B-43AC-9A2E-5DC9E66F53D3} = {89EC1C70-0651-49B0-8739-619A4168CE0C}
		{22DB6F0A-018B-435C-B45F-891CC65EE431} = {3B50CBD4-173F-4AC4-9AEB-C01E5C7BD460}
	EndGlobalSection
	GlobalSection(ExtensibilityGlobals) = postSolution
		SolutionGuid = {A5E79B81-8038-4355-86AB-EE234C247982}
	EndGlobalSection
EndGlobal
